<?xml version="1.0" encoding="utf-8"?>
<Project ToolsVersion="16.0" xmlns="http://schemas.microsoft.com/developer/msbuild/2003">
  <ItemGroup>
    <ResourceCompile Include="NodeJS.rc" />
  </ItemGroup>
  <ItemGroup>
    <ClCompile Include="NodeJS.cpp" />
    <ClCompile Include="Logs\Logs.cpp" />
  </ItemGroup>
  <ItemGroup>
    <ClInclude Include="Logs\Logs.h" />
  </ItemGroup>
</Project>